// !$*UTF8*$!
{
	archiveVersion = 1;
	classes = {
	};
	objectVersion = 56;
	objects = {

/* Begin PBXBuildFile section */
		1EF4BCA2BD7F67105D94CDD2 /* Pods_Food_Saver.framework in Frameworks */ = {isa = PBXBuildFile; fileRef = C9B6C01AC7716BAEB99EF58D /* Pods_Food_Saver.framework */; };
		FD8659EF2BA7B98800F574C5 /* LoginScreenViewController.swift in Sources */ = {isa = PBXBuildFile; fileRef = FD8659EE2BA7B98800F574C5 /* LoginScreenViewController.swift */; };
		FD8659F12BA7B99700F574C5 /* RegisterScreenViewController.swift in Sources */ = {isa = PBXBuildFile; fileRef = FD8659F02BA7B99700F574C5 /* RegisterScreenViewController.swift */; };
		FD8659F32BA7B9A300F574C5 /* RegisterScreenView.swift in Sources */ = {isa = PBXBuildFile; fileRef = FD8659F22BA7B9A300F574C5 /* RegisterScreenView.swift */; };
		FD8659F52BA7B9AC00F574C5 /* LoginScreenView.swift in Sources */ = {isa = PBXBuildFile; fileRef = FD8659F42BA7B9AC00F574C5 /* LoginScreenView.swift */; };
		FDABCD0A2BA1F64E0068EFE8 /* AppDelegate.swift in Sources */ = {isa = PBXBuildFile; fileRef = FDABCD092BA1F64E0068EFE8 /* AppDelegate.swift */; };
		FDABCD0C2BA1F64E0068EFE8 /* SceneDelegate.swift in Sources */ = {isa = PBXBuildFile; fileRef = FDABCD0B2BA1F64E0068EFE8 /* SceneDelegate.swift */; };
		FDABCD0E2BA1F64E0068EFE8 /* ViewController.swift in Sources */ = {isa = PBXBuildFile; fileRef = FDABCD0D2BA1F64E0068EFE8 /* ViewController.swift */; };
		FDABCD112BA1F64E0068EFE8 /* Base in Resources */ = {isa = PBXBuildFile; fileRef = FDABCD102BA1F64E0068EFE8 /* Base */; };
		FDABCD132BA1F6500068EFE8 /* Assets.xcassets in Resources */ = {isa = PBXBuildFile; fileRef = FDABCD122BA1F6500068EFE8 /* Assets.xcassets */; };
		FDABCD162BA1F6500068EFE8 /* Base in Resources */ = {isa = PBXBuildFile; fileRef = FDABCD152BA1F6500068EFE8 /* Base */; };
		FDABCD1F2BA1FAB50068EFE8 /* HomeScreenView.swift in Sources */ = {isa = PBXBuildFile; fileRef = FDABCD1E2BA1FAB50068EFE8 /* HomeScreenView.swift */; };
/* End PBXBuildFile section */

/* Begin PBXFileReference section */
		2A4C2A6FF33E08241723DEF2 /* Pods-Food Saver.debug.xcconfig */ = {isa = PBXFileReference; includeInIndex = 1; lastKnownFileType = text.xcconfig; name = "Pods-Food Saver.debug.xcconfig"; path = "Target Support Files/Pods-Food Saver/Pods-Food Saver.debug.xcconfig"; sourceTree = "<group>"; };
		5749D1873217EA42F8F9E742 /* Pods-Food Saver.release.xcconfig */ = {isa = PBXFileReference; includeInIndex = 1; lastKnownFileType = text.xcconfig; name = "Pods-Food Saver.release.xcconfig"; path = "Target Support Files/Pods-Food Saver/Pods-Food Saver.release.xcconfig"; sourceTree = "<group>"; };
		C9B6C01AC7716BAEB99EF58D /* Pods_Food_Saver.framework */ = {isa = PBXFileReference; explicitFileType = wrapper.framework; includeInIndex = 0; path = Pods_Food_Saver.framework; sourceTree = BUILT_PRODUCTS_DIR; };
		FD8659EE2BA7B98800F574C5 /* LoginScreenViewController.swift */ = {isa = PBXFileReference; lastKnownFileType = sourcecode.swift; path = LoginScreenViewController.swift; sourceTree = "<group>"; };
		FD8659F02BA7B99700F574C5 /* RegisterScreenViewController.swift */ = {isa = PBXFileReference; lastKnownFileType = sourcecode.swift; path = RegisterScreenViewController.swift; sourceTree = "<group>"; };
		FD8659F22BA7B9A300F574C5 /* RegisterScreenView.swift */ = {isa = PBXFileReference; lastKnownFileType = sourcecode.swift; path = RegisterScreenView.swift; sourceTree = "<group>"; };
		FD8659F42BA7B9AC00F574C5 /* LoginScreenView.swift */ = {isa = PBXFileReference; lastKnownFileType = sourcecode.swift; path = LoginScreenView.swift; sourceTree = "<group>"; };
		FDABCD062BA1F64E0068EFE8 /* Food Saver.app */ = {isa = PBXFileReference; explicitFileType = wrapper.application; includeInIndex = 0; path = "Food Saver.app"; sourceTree = BUILT_PRODUCTS_DIR; };
		FDABCD092BA1F64E0068EFE8 /* AppDelegate.swift */ = {isa = PBXFileReference; lastKnownFileType = sourcecode.swift; path = AppDelegate.swift; sourceTree = "<group>"; };
		FDABCD0B2BA1F64E0068EFE8 /* SceneDelegate.swift */ = {isa = PBXFileReference; lastKnownFileType = sourcecode.swift; path = SceneDelegate.swift; sourceTree = "<group>"; };
		FDABCD0D2BA1F64E0068EFE8 /* ViewController.swift */ = {isa = PBXFileReference; lastKnownFileType = sourcecode.swift; path = ViewController.swift; sourceTree = "<group>"; };
		FDABCD102BA1F64E0068EFE8 /* Base */ = {isa = PBXFileReference; lastKnownFileType = file.storyboard; name = Base; path = Base.lproj/Main.storyboard; sourceTree = "<group>"; };
		FDABCD122BA1F6500068EFE8 /* Assets.xcassets */ = {isa = PBXFileReference; lastKnownFileType = folder.assetcatalog; path = Assets.xcassets; sourceTree = "<group>"; };
		FDABCD152BA1F6500068EFE8 /* Base */ = {isa = PBXFileReference; lastKnownFileType = file.storyboard; name = Base; path = Base.lproj/LaunchScreen.storyboard; sourceTree = "<group>"; };
		FDABCD172BA1F6500068EFE8 /* Info.plist */ = {isa = PBXFileReference; lastKnownFileType = text.plist.xml; path = Info.plist; sourceTree = "<group>"; };
		FDABCD1E2BA1FAB50068EFE8 /* HomeScreenView.swift */ = {isa = PBXFileReference; lastKnownFileType = sourcecode.swift; path = HomeScreenView.swift; sourceTree = "<group>"; };
/* End PBXFileReference section */

/* Begin PBXFrameworksBuildPhase section */
		FDABCD032BA1F64E0068EFE8 /* Frameworks */ = {
			isa = PBXFrameworksBuildPhase;
			buildActionMask = 2147483647;
			files = (
				1EF4BCA2BD7F67105D94CDD2 /* Pods_Food_Saver.framework in Frameworks */,
			);
			runOnlyForDeploymentPostprocessing = 0;
		};
/* End PBXFrameworksBuildPhase section */

/* Begin PBXGroup section */
		2972D9DBA0990400C3498427 /* Frameworks */ = {
			isa = PBXGroup;
			children = (
				C9B6C01AC7716BAEB99EF58D /* Pods_Food_Saver.framework */,
			);
			name = Frameworks;
			sourceTree = "<group>";
		};
		E87A9DAA8654308EC03E9D75 /* Pods */ = {
			isa = PBXGroup;
			children = (
				2A4C2A6FF33E08241723DEF2 /* Pods-Food Saver.debug.xcconfig */,
				5749D1873217EA42F8F9E742 /* Pods-Food Saver.release.xcconfig */,
			);
			path = Pods;
			sourceTree = "<group>";
		};
		FD8659EC2BA7B94F00F574C5 /* LoginScreen */ = {
			isa = PBXGroup;
			children = (
				FD8659EE2BA7B98800F574C5 /* LoginScreenViewController.swift */,
				FD8659F42BA7B9AC00F574C5 /* LoginScreenView.swift */,
			);
			path = LoginScreen;
			sourceTree = "<group>";
		};
		FD8659ED2BA7B95B00F574C5 /* RegisterScreen */ = {
			isa = PBXGroup;
			children = (
				FD8659F02BA7B99700F574C5 /* RegisterScreenViewController.swift */,
				FD8659F22BA7B9A300F574C5 /* RegisterScreenView.swift */,
			);
			path = RegisterScreen;
			sourceTree = "<group>";
		};
		FDABCCFD2BA1F64E0068EFE8 = {
			isa = PBXGroup;
			children = (
				FDABCD082BA1F64E0068EFE8 /* Food Saver */,
				FDABCD072BA1F64E0068EFE8 /* Products */,
				E87A9DAA8654308EC03E9D75 /* Pods */,
				2972D9DBA0990400C3498427 /* Frameworks */,
			);
			sourceTree = "<group>";
		};
		FDABCD072BA1F64E0068EFE8 /* Products */ = {
			isa = PBXGroup;
			children = (
				FDABCD062BA1F64E0068EFE8 /* Food Saver.app */,
			);
			name = Products;
			sourceTree = "<group>";
		};
		FDABCD082BA1F64E0068EFE8 /* Food Saver */ = {
			isa = PBXGroup;
			children = (
				FD8659ED2BA7B95B00F574C5 /* RegisterScreen */,
				FD8659EC2BA7B94F00F574C5 /* LoginScreen */,
				FDABCD092BA1F64E0068EFE8 /* AppDelegate.swift */,
				FDABCD0B2BA1F64E0068EFE8 /* SceneDelegate.swift */,
				FDABCD202BA1FABE0068EFE8 /* HomeScreen */,
				FDABCD0F2BA1F64E0068EFE8 /* Main.storyboard */,
				FDABCD122BA1F6500068EFE8 /* Assets.xcassets */,
				FDABCD142BA1F6500068EFE8 /* LaunchScreen.storyboard */,
				FDABCD172BA1F6500068EFE8 /* Info.plist */,
			);
			path = "Food Saver";
			sourceTree = "<group>";
		};
		FDABCD202BA1FABE0068EFE8 /* HomeScreen */ = {
			isa = PBXGroup;
			children = (
				FDABCD0D2BA1F64E0068EFE8 /* ViewController.swift */,
				FDABCD1E2BA1FAB50068EFE8 /* HomeScreenView.swift */,
			);
			path = HomeScreen;
			sourceTree = "<group>";
		};
/* End PBXGroup section */

/* Begin PBXNativeTarget section */
		FDABCD052BA1F64E0068EFE8 /* Food Saver */ = {
			isa = PBXNativeTarget;
			buildConfigurationList = FDABCD1A2BA1F6500068EFE8 /* Build configuration list for PBXNativeTarget "Food Saver" */;
			buildPhases = (
				336A70D92AC289832FC15F24 /* [CP] Check Pods Manifest.lock */,
				FDABCD022BA1F64E0068EFE8 /* Sources */,
				FDABCD032BA1F64E0068EFE8 /* Frameworks */,
				FDABCD042BA1F64E0068EFE8 /* Resources */,
				746A847EBD73B7B7D4C6798C /* [CP] Embed Pods Frameworks */,
			);
			buildRules = (
			);
			dependencies = (
			);
			name = "Food Saver";
			productName = "Food Saver";
			productReference = FDABCD062BA1F64E0068EFE8 /* Food Saver.app */;
			productType = "com.apple.product-type.application";
		};
/* End PBXNativeTarget section */

/* Begin PBXProject section */
		FDABCCFE2BA1F64E0068EFE8 /* Project object */ = {
			isa = PBXProject;
			attributes = {
				BuildIndependentTargetsInParallel = 1;
				LastSwiftUpdateCheck = 1530;
				LastUpgradeCheck = 1530;
				TargetAttributes = {
					FDABCD052BA1F64E0068EFE8 = {
						CreatedOnToolsVersion = 15.3;
					};
				};
			};
			buildConfigurationList = FDABCD012BA1F64E0068EFE8 /* Build configuration list for PBXProject "Food Saver" */;
			compatibilityVersion = "Xcode 14.0";
			developmentRegion = en;
			hasScannedForEncodings = 0;
			knownRegions = (
				en,
				Base,
			);
			mainGroup = FDABCCFD2BA1F64E0068EFE8;
			productRefGroup = FDABCD072BA1F64E0068EFE8 /* Products */;
			projectDirPath = "";
			projectRoot = "";
			targets = (
				FDABCD052BA1F64E0068EFE8 /* Food Saver */,
			);
		};
/* End PBXProject section */

/* Begin PBXResourcesBuildPhase section */
		FDABCD042BA1F64E0068EFE8 /* Resources */ = {
			isa = PBXResourcesBuildPhase;
			buildActionMask = 2147483647;
			files = (
				FDABCD132BA1F6500068EFE8 /* Assets.xcassets in Resources */,
				FDABCD162BA1F6500068EFE8 /* Base in Resources */,
				FDABCD112BA1F64E0068EFE8 /* Base in Resources */,
			);
			runOnlyForDeploymentPostprocessing = 0;
		};
/* End PBXResourcesBuildPhase section */

/* Begin PBXShellScriptBuildPhase section */
		336A70D92AC289832FC15F24 /* [CP] Check Pods Manifest.lock */ = {
			isa = PBXShellScriptBuildPhase;
			buildActionMask = 2147483647;
			files = (
			);
			inputFileListPaths = (
			);
			inputPaths = (
				"${PODS_PODFILE_DIR_PATH}/Podfile.lock",
				"${PODS_ROOT}/Manifest.lock",
			);
			name = "[CP] Check Pods Manifest.lock";
			outputFileListPaths = (
			);
			outputPaths = (
				"$(DERIVED_FILE_DIR)/Pods-Food Saver-checkManifestLockResult.txt",
			);
			runOnlyForDeploymentPostprocessing = 0;
			shellPath = /bin/sh;
			shellScript = "diff \"${PODS_PODFILE_DIR_PATH}/Podfile.lock\" \"${PODS_ROOT}/Manifest.lock\" > /dev/null\nif [ $? != 0 ] ; then\n    # print error to STDERR\n    echo \"error: The sandbox is not in sync with the Podfile.lock. Run 'pod install' or update your CocoaPods installation.\" >&2\n    exit 1\nfi\n# This output is used by Xcode 'outputs' to avoid re-running this script phase.\necho \"SUCCESS\" > \"${SCRIPT_OUTPUT_FILE_0}\"\n";
			showEnvVarsInLog = 0;
		};
		746A847EBD73B7B7D4C6798C /* [CP] Embed Pods Frameworks */ = {
			isa = PBXShellScriptBuildPhase;
			buildActionMask = 2147483647;
			files = (
			);
			inputFileListPaths = (
				"${PODS_ROOT}/Target Support Files/Pods-Food Saver/Pods-Food Saver-frameworks-${CONFIGURATION}-input-files.xcfilelist",
			);
			name = "[CP] Embed Pods Frameworks";
			outputFileListPaths = (
				"${PODS_ROOT}/Target Support Files/Pods-Food Saver/Pods-Food Saver-frameworks-${CONFIGURATION}-output-files.xcfilelist",
			);
			runOnlyForDeploymentPostprocessing = 0;
			shellPath = /bin/sh;
			shellScript = "\"${PODS_ROOT}/Target Support Files/Pods-Food Saver/Pods-Food Saver-frameworks.sh\"\n";
			showEnvVarsInLog = 0;
		};
/* End PBXShellScriptBuildPhase section */

/* Begin PBXSourcesBuildPhase section */
		FDABCD022BA1F64E0068EFE8 /* Sources */ = {
			isa = PBXSourcesBuildPhase;
			buildActionMask = 2147483647;
			files = (
				FDABCD0E2BA1F64E0068EFE8 /* ViewController.swift in Sources */,
				FDABCD0A2BA1F64E0068EFE8 /* AppDelegate.swift in Sources */,
				FDABCD0C2BA1F64E0068EFE8 /* SceneDelegate.swift in Sources */,
				FD8659F12BA7B99700F574C5 /* RegisterScreenViewController.swift in Sources */,
				FD8659F52BA7B9AC00F574C5 /* LoginScreenView.swift in Sources */,
				FD8659EF2BA7B98800F574C5 /* LoginScreenViewController.swift in Sources */,
				FD8659F32BA7B9A300F574C5 /* RegisterScreenView.swift in Sources */,
				FDABCD1F2BA1FAB50068EFE8 /* HomeScreenView.swift in Sources */,
			);
			runOnlyForDeploymentPostprocessing = 0;
		};
/* End PBXSourcesBuildPhase section */

/* Begin PBXVariantGroup section */
		FDABCD0F2BA1F64E0068EFE8 /* Main.storyboard */ = {
			isa = PBXVariantGroup;
			children = (
				FDABCD102BA1F64E0068EFE8 /* Base */,
			);
			name = Main.storyboard;
			sourceTree = "<group>";
		};
		FDABCD142BA1F6500068EFE8 /* LaunchScreen.storyboard */ = {
			isa = PBXVariantGroup;
			children = (
				FDABCD152BA1F6500068EFE8 /* Base */,
			);
			name = LaunchScreen.storyboard;
			sourceTree = "<group>";
		};
/* End PBXVariantGroup section */

/* Begin XCBuildConfiguration section */
		FDABCD182BA1F6500068EFE8 /* Debug */ = {
			isa = XCBuildConfiguration;
			buildSettings = {
				ALWAYS_SEARCH_USER_PATHS = NO;
				ASSETCATALOG_COMPILER_GENERATE_SWIFT_ASSET_SYMBOL_EXTENSIONS = YES;
				CLANG_ANALYZER_NONNULL = YES;
				CLANG_ANALYZER_NUMBER_OBJECT_CONVERSION = YES_AGGRESSIVE;
				CLANG_CXX_LANGUAGE_STANDARD = "gnu++20";
				CLANG_ENABLE_MODULES = YES;
				CLANG_ENABLE_OBJC_ARC = YES;
				CLANG_ENABLE_OBJC_WEAK = YES;
				CLANG_WARN_BLOCK_CAPTURE_AUTORELEASING = YES;
				CLANG_WARN_BOOL_CONVERSION = YES;
				CLANG_WARN_COMMA = YES;
				CLANG_WARN_CONSTANT_CONVERSION = YES;
				CLANG_WARN_DEPRECATED_OBJC_IMPLEMENTATIONS = YES;
				CLANG_WARN_DIRECT_OBJC_ISA_USAGE = YES_ERROR;
				CLANG_WARN_DOCUMENTATION_COMMENTS = YES;
				CLANG_WARN_EMPTY_BODY = YES;
				CLANG_WARN_ENUM_CONVERSION = YES;
				CLANG_WARN_INFINITE_RECURSION = YES;
				CLANG_WARN_INT_CONVERSION = YES;
				CLANG_WARN_NON_LITERAL_NULL_CONVERSION = YES;
				CLANG_WARN_OBJC_IMPLICIT_RETAIN_SELF = YES;
				CLANG_WARN_OBJC_LITERAL_CONVERSION = YES;
				CLANG_WARN_OBJC_ROOT_CLASS = YES_ERROR;
				CLANG_WARN_QUOTED_INCLUDE_IN_FRAMEWORK_HEADER = YES;
				CLANG_WARN_RANGE_LOOP_ANALYSIS = YES;
				CLANG_WARN_STRICT_PROTOTYPES = YES;
				CLANG_WARN_SUSPICIOUS_MOVE = YES;
				CLANG_WARN_UNGUARDED_AVAILABILITY = YES_AGGRESSIVE;
				CLANG_WARN_UNREACHABLE_CODE = YES;
				CLANG_WARN__DUPLICATE_METHOD_MATCH = YES;
				COPY_PHASE_STRIP = NO;
				DEBUG_INFORMATION_FORMAT = dwarf;
				ENABLE_STRICT_OBJC_MSGSEND = YES;
				ENABLE_TESTABILITY = YES;
				ENABLE_USER_SCRIPT_SANDBOXING = NO;
				GCC_C_LANGUAGE_STANDARD = gnu17;
				GCC_DYNAMIC_NO_PIC = NO;
				GCC_NO_COMMON_BLOCKS = YES;
				GCC_OPTIMIZATION_LEVEL = 0;
				GCC_PREPROCESSOR_DEFINITIONS = (
					"DEBUG=1",
					"$(inherited)",
				);
				GCC_WARN_64_TO_32_BIT_CONVERSION = YES;
				GCC_WARN_ABOUT_RETURN_TYPE = YES_ERROR;
				GCC_WARN_UNDECLARED_SELECTOR = YES;
				GCC_WARN_UNINITIALIZED_AUTOS = YES_AGGRESSIVE;
				GCC_WARN_UNUSED_FUNCTION = YES;
				GCC_WARN_UNUSED_VARIABLE = YES;
				IPHONEOS_DEPLOYMENT_TARGET = 17.4;
				LOCALIZATION_PREFERS_STRING_CATALOGS = YES;
				MTL_ENABLE_DEBUG_INFO = INCLUDE_SOURCE;
				MTL_FAST_MATH = YES;
				ONLY_ACTIVE_ARCH = YES;
				SDKROOT = iphoneos;
				SWIFT_ACTIVE_COMPILATION_CONDITIONS = "DEBUG $(inherited)";
				SWIFT_OPTIMIZATION_LEVEL = "-Onone";
			};
			name = Debug;
		};
		FDABCD192BA1F6500068EFE8 /* Release */ = {
			isa = XCBuildConfiguration;
			buildSettings = {
				ALWAYS_SEARCH_USER_PATHS = NO;
				ASSETCATALOG_COMPILER_GENERATE_SWIFT_ASSET_SYMBOL_EXTENSIONS = YES;
				CLANG_ANALYZER_NONNULL = YES;
				CLANG_ANALYZER_NUMBER_OBJECT_CONVERSION = YES_AGGRESSIVE;
				CLANG_CXX_LANGUAGE_STANDARD = "gnu++20";
				CLANG_ENABLE_MODULES = YES;
				CLANG_ENABLE_OBJC_ARC = YES;
				CLANG_ENABLE_OBJC_WEAK = YES;
				CLANG_WARN_BLOCK_CAPTURE_AUTORELEASING = YES;
				CLANG_WARN_BOOL_CONVERSION = YES;
				CLANG_WARN_COMMA = YES;
				CLANG_WARN_CONSTANT_CONVERSION = YES;
				CLANG_WARN_DEPRECATED_OBJC_IMPLEMENTATIONS = YES;
				CLANG_WARN_DIRECT_OBJC_ISA_USAGE = YES_ERROR;
				CLANG_WARN_DOCUMENTATION_COMMENTS = YES;
				CLANG_WARN_EMPTY_BODY = YES;
				CLANG_WARN_ENUM_CONVERSION = YES;
				CLANG_WARN_INFINITE_RECURSION = YES;
				CLANG_WARN_INT_CONVERSION = YES;
				CLANG_WARN_NON_LITERAL_NULL_CONVERSION = YES;
				CLANG_WARN_OBJC_IMPLICIT_RETAIN_SELF = YES;
				CLANG_WARN_OBJC_LITERAL_CONVERSION = YES;
				CLANG_WARN_OBJC_ROOT_CLASS = YES_ERROR;
				CLANG_WARN_QUOTED_INCLUDE_IN_FRAMEWORK_HEADER = YES;
				CLANG_WARN_RANGE_LOOP_ANALYSIS = YES;
				CLANG_WARN_STRICT_PROTOTYPES = YES;
				CLANG_WARN_SUSPICIOUS_MOVE = YES;
				CLANG_WARN_UNGUARDED_AVAILABILITY = YES_AGGRESSIVE;
				CLANG_WARN_UNREACHABLE_CODE = YES;
				CLANG_WARN__DUPLICATE_METHOD_MATCH = YES;
				COPY_PHASE_STRIP = NO;
				DEBUG_INFORMATION_FORMAT = "dwarf-with-dsym";
				ENABLE_NS_ASSERTIONS = NO;
				ENABLE_STRICT_OBJC_MSGSEND = YES;
				ENABLE_USER_SCRIPT_SANDBOXING = NO;
				GCC_C_LANGUAGE_STANDARD = gnu17;
				GCC_NO_COMMON_BLOCKS = YES;
				GCC_WARN_64_TO_32_BIT_CONVERSION = YES;
				GCC_WARN_ABOUT_RETURN_TYPE = YES_ERROR;
				GCC_WARN_UNDECLARED_SELECTOR = YES;
				GCC_WARN_UNINITIALIZED_AUTOS = YES_AGGRESSIVE;
				GCC_WARN_UNUSED_FUNCTION = YES;
				GCC_WARN_UNUSED_VARIABLE = YES;
				IPHONEOS_DEPLOYMENT_TARGET = 17.4;
				LOCALIZATION_PREFERS_STRING_CATALOGS = YES;
				MTL_ENABLE_DEBUG_INFO = NO;
				MTL_FAST_MATH = YES;
				SDKROOT = iphoneos;
				SWIFT_COMPILATION_MODE = wholemodule;
				VALIDATE_PRODUCT = YES;
			};
			name = Release;
		};
		FDABCD1B2BA1F6500068EFE8 /* Debug */ = {
			isa = XCBuildConfiguration;
			baseConfigurationReference = 2A4C2A6FF33E08241723DEF2 /* Pods-Food Saver.debug.xcconfig */;
			buildSettings = {
				ASSETCATALOG_COMPILER_APPICON_NAME = AppIcon;
				ASSETCATALOG_COMPILER_GLOBAL_ACCENT_COLOR_NAME = AccentColor;
				CODE_SIGN_STYLE = Automatic;
				CURRENT_PROJECT_VERSION = 1;
				DEVELOPMENT_TEAM = WX57JH76WP;
				GENERATE_INFOPLIST_FILE = YES;
				INFOPLIST_FILE = "Food Saver/Info.plist";
				INFOPLIST_KEY_UIApplicationSupportsIndirectInputEvents = YES;
				INFOPLIST_KEY_UILaunchStoryboardName = LaunchScreen;
				INFOPLIST_KEY_UIMainStoryboardFile = Main;
				INFOPLIST_KEY_UISupportedInterfaceOrientations_iPad = "UIInterfaceOrientationPortrait UIInterfaceOrientationPortraitUpsideDown UIInterfaceOrientationLandscapeLeft UIInterfaceOrientationLandscapeRight";
				INFOPLIST_KEY_UISupportedInterfaceOrientations_iPhone = "UIInterfaceOrientationPortrait UIInterfaceOrientationLandscapeLeft UIInterfaceOrientationLandscapeRight";
				IPHONEOS_DEPLOYMENT_TARGET = 17.2;
				LD_RUNPATH_SEARCH_PATHS = (
					"$(inherited)",
					"@executable_path/Frameworks",
				);
				MARKETING_VERSION = 1.0;
				PRODUCT_BUNDLE_IDENTIFIER = "com.nuios.Food-Saver";
				PRODUCT_NAME = "$(TARGET_NAME)";
				SWIFT_EMIT_LOC_STRINGS = YES;
				SWIFT_VERSION = 5.0;
				TARGETED_DEVICE_FAMILY = "1,2";
			};
			name = Debug;
		};
		FDABCD1C2BA1F6500068EFE8 /* Release */ = {
			isa = XCBuildConfiguration;
			baseConfigurationReference = 5749D1873217EA42F8F9E742 /* Pods-Food Saver.release.xcconfig */;
			buildSettings = {
				ASSETCATALOG_COMPILER_APPICON_NAME = AppIcon;
				ASSETCATALOG_COMPILER_GLOBAL_ACCENT_COLOR_NAME = AccentColor;
				CODE_SIGN_STYLE = Automatic;
				CURRENT_PROJECT_VERSION = 1;
				DEVELOPMENT_TEAM = WX57JH76WP;
				GENERATE_INFOPLIST_FILE = YES;
				INFOPLIST_FILE = "Food Saver/Info.plist";
				INFOPLIST_KEY_UIApplicationSupportsIndirectInputEvents = YES;
				INFOPLIST_KEY_UILaunchStoryboardName = LaunchScreen;
				INFOPLIST_KEY_UIMainStoryboardFile = Main;
				INFOPLIST_KEY_UISupportedInterfaceOrientations_iPad = "UIInterfaceOrientationPortrait UIInterfaceOrientationPortraitUpsideDown UIInterfaceOrientationLandscapeLeft UIInterfaceOrientationLandscapeRight";
				INFOPLIST_KEY_UISupportedInterfaceOrientations_iPhone = "UIInterfaceOrientationPortrait UIInterfaceOrientationLandscapeLeft UIInterfaceOrientationLandscapeRight";
				IPHONEOS_DEPLOYMENT_TARGET = 17.2;
				LD_RUNPATH_SEARCH_PATHS = (
					"$(inherited)",
					"@executable_path/Frameworks",
				);
				MARKETING_VERSION = 1.0;
				PRODUCT_BUNDLE_IDENTIFIER = "com.nuios.Food-Saver";
				PRODUCT_NAME = "$(TARGET_NAME)";
				SWIFT_EMIT_LOC_STRINGS = YES;
				SWIFT_VERSION = 5.0;
				TARGETED_DEVICE_FAMILY = "1,2";
			};
			name = Release;
		};
/* End XCBuildConfiguration section */

/* Begin XCConfigurationList section */
		FDABCD012BA1F64E0068EFE8 /* Build configuration list for PBXProject "Food Saver" */ = {
			isa = XCConfigurationList;
			buildConfigurations = (
				FDABCD182BA1F6500068EFE8 /* Debug */,
				FDABCD192BA1F6500068EFE8 /* Release */,
			);
			defaultConfigurationIsVisible = 0;
			defaultConfigurationName = Release;
		};
		FDABCD1A2BA1F6500068EFE8 /* Build configuration list for PBXNativeTarget "Food Saver" */ = {
			isa = XCConfigurationList;
			buildConfigurations = (
				FDABCD1B2BA1F6500068EFE8 /* Debug */,
				FDABCD1C2BA1F6500068EFE8 /* Release */,
			);
			defaultConfigurationIsVisible = 0;
			defaultConfigurationName = Release;
		};
/* End XCConfigurationList section */
	};
	rootObject = FDABCCFE2BA1F64E0068EFE8 /* Project object */;
}
